
Microsoft Visual Studio Solution File, Format Version 12.00
Project("{FAE04EC0-301F-11D3-BF4B-00C04F79EFBC}") = "RoadFlow.Auth.IdentityServer", "RoadFlow.Auth.IdentityServer\RoadFlow.Auth.IdentityServer.csproj", "{A22C81B6-0571-4402-9D82-CC31898B5F84}"
EndProject
Project("{2150E333-8FDC-42A3-9474-1A3956D46DE8}") = "RoadFlow.Showcase", "RoadFlow.Showcase", "{114F5BF5-7E44-4BD3-98F2-9108675F15DF}"
EndProject
Project("{2150E333-8FDC-42A3-9474-1A3956D46DE8}") = "RoadFlow.Auth", "RoadFlow.Auth", "{DF5BEF4C-D164-42D8-8D27-F197F11116C6}"
EndProject
Project("{FAE04EC0-301F-11D3-BF4B-00C04F79EFBC}") = "RoadFlow.Showcase.API", "RoadFlow.Showcase.API\RoadFlow.Showcase.API.csproj", "{F488223C-702E-44FE-AC63-03FC0B46602D}"
EndProject
Project("{FAE04EC0-301F-11D3-BF4B-00C04F79EFBC}") = "RoadFlow.Gateway", "RoadFlow.Gateway\RoadFlow.Gateway.csproj", "{181A7CE0-21AD-4817-B2CD-C32C0680C280}"
EndProject
Project("{FAE04EC0-301F-11D3-BF4B-00C04F79EFBC}") = "RoadFlow.Auth.API", "RoadFlow.Auth.API\RoadFlow.Auth.API.csproj", "{F5061355-9F00-453E-ACD5-481755D23B8B}"
EndProject
Project("{FAE04EC0-301F-11D3-BF4B-00C04F79EFBC}") = "RoadFlow.Seedwork", "RoadFlow.Seedwork\RoadFlow.Seedwork.csproj", "{85A18C1F-6780-46D0-A9E1-2BF9F6C4E0DB}"
EndProject
Project("{FAE04EC0-301F-11D3-BF4B-00C04F79EFBC}") = "RoadFlow.Auth.Domain", "RoadFlow.Auth.Domain\RoadFlow.Auth.Domain.csproj", "{8213284A-ACD8-492A-9120-0F1481124C4C}"
EndProject
Project("{FAE04EC0-301F-11D3-BF4B-00C04F79EFBC}") = "RoadFlow.Auth.DAL", "RoadFlow.Auth.DAL\RoadFlow.Auth.DAL.csproj", "{3DBD2005-5F2D-4D32-A8EE-3602F96DF7CA}"
EndProject
Project("{FAE04EC0-301F-11D3-BF4B-00C04F79EFBC}") = "RoadFlow.Common", "RoadFlow.Common\RoadFlow.Common.csproj", "{663497B9-8472-4049-8113-5F08322C9CE1}"
EndProject
Project("{FAE04EC0-301F-11D3-BF4B-00C04F79EFBC}") = "RoadFlow.Auth.Common", "RoadFlow.Auth.Common\RoadFlow.Auth.Common.csproj", "{3E46D3CC-DA1A-4A33-AB35-448C5FFE1247}"
EndProject
Global
	GlobalSection(SolutionConfigurationPlatforms) = preSolution
		Debug|Any CPU = Debug|Any CPU
		Release|Any CPU = Release|Any CPU
	EndGlobalSection
	GlobalSection(ProjectConfigurationPlatforms) = postSolution
		{A22C81B6-0571-4402-9D82-CC31898B5F84}.Debug|Any CPU.ActiveCfg = Debug|Any CPU
		{A22C81B6-0571-4402-9D82-CC31898B5F84}.Debug|Any CPU.Build.0 = Debug|Any CPU
		{A22C81B6-0571-4402-9D82-CC31898B5F84}.Release|Any CPU.ActiveCfg = Release|Any CPU
		{A22C81B6-0571-4402-9D82-CC31898B5F84}.Release|Any CPU.Build.0 = Release|Any CPU
		{F488223C-702E-44FE-AC63-03FC0B46602D}.Debug|Any CPU.ActiveCfg = Debug|Any CPU
		{F488223C-702E-44FE-AC63-03FC0B46602D}.Debug|Any CPU.Build.0 = Debug|Any CPU
		{F488223C-702E-44FE-AC63-03FC0B46602D}.Release|Any CPU.ActiveCfg = Release|Any CPU
		{F488223C-702E-44FE-AC63-03FC0B46602D}.Release|Any CPU.Build.0 = Release|Any CPU
		{181A7CE0-21AD-4817-B2CD-C32C0680C280}.Debug|Any CPU.ActiveCfg = Debug|Any CPU
		{181A7CE0-21AD-4817-B2CD-C32C0680C280}.Debug|Any CPU.Build.0 = Debug|Any CPU
		{181A7CE0-21AD-4817-B2CD-C32C0680C280}.Release|Any CPU.ActiveCfg = Release|Any CPU
		{181A7CE0-21AD-4817-B2CD-C32C0680C280}.Release|Any CPU.Build.0 = Release|Any CPU
		{F5061355-9F00-453E-ACD5-481755D23B8B}.Debug|Any CPU.ActiveCfg = Debug|Any CPU
		{F5061355-9F00-453E-ACD5-481755D23B8B}.Debug|Any CPU.Build.0 = Debug|Any CPU
		{F5061355-9F00-453E-ACD5-481755D23B8B}.Release|Any CPU.ActiveCfg = Release|Any CPU
		{F5061355-9F00-453E-ACD5-481755D23B8B}.Release|Any CPU.Build.0 = Release|Any CPU
		{85A18C1F-6780-46D0-A9E1-2BF9F6C4E0DB}.Debug|Any CPU.ActiveCfg = Debug|Any CPU
		{85A18C1F-6780-46D0-A9E1-2BF9F6C4E0DB}.Debug|Any CPU.Build.0 = Debug|Any CPU
		{85A18C1F-6780-46D0-A9E1-2BF9F6C4E0DB}.Release|Any CPU.ActiveCfg = Release|Any CPU
		{85A18C1F-6780-46D0-A9E1-2BF9F6C4E0DB}.Release|Any CPU.Build.0 = Release|Any CPU
		{8213284A-ACD8-492A-9120-0F1481124C4C}.Debug|Any CPU.ActiveCfg = Debug|Any CPU
		{8213284A-ACD8-492A-9120-0F1481124C4C}.Debug|Any CPU.Build.0 = Debug|Any CPU
		{8213284A-ACD8-492A-9120-0F1481124C4C}.Release|Any CPU.ActiveCfg = Release|Any CPU
		{8213284A-ACD8-492A-9120-0F1481124C4C}.Release|Any CPU.Build.0 = Release|Any CPU
		{3DBD2005-5F2D-4D32-A8EE-3602F96DF7CA}.Debug|Any CPU.ActiveCfg = Debug|Any CPU
		{3DBD2005-5F2D-4D32-A8EE-3602F96DF7CA}.Debug|Any CPU.Build.0 = Debug|Any CPU
		{3DBD2005-5F2D-4D32-A8EE-3602F96DF7CA}.Release|Any CPU.ActiveCfg = Release|Any CPU
		{3DBD2005-5F2D-4D32-A8EE-3602F96DF7CA}.Release|Any CPU.Build.0 = Release|Any CPU
		{663497B9-8472-4049-8113-5F08322C9CE1}.Debug|Any CPU.ActiveCfg = Debug|Any CPU
		{663497B9-8472-4049-8113-5F08322C9CE1}.Debug|Any CPU.Build.0 = Debug|Any CPU
		{663497B9-8472-4049-8113-5F08322C9CE1}.Release|Any CPU.ActiveCfg = Release|Any CPU
		{663497B9-8472-4049-8113-5F08322C9CE1}.Release|Any CPU.Build.0 = Release|Any CPU
		{3E46D3CC-DA1A-4A33-AB35-448C5FFE1247}.Debug|Any CPU.ActiveCfg = Debug|Any CPU
		{3E46D3CC-DA1A-4A33-AB35-448C5FFE1247}.Debug|Any CPU.Build.0 = Debug|Any CPU
		{3E46D3CC-DA1A-4A33-AB35-448C5FFE1247}.Release|Any CPU.ActiveCfg = Release|Any CPU
		{3E46D3CC-DA1A-4A33-AB35-448C5FFE1247}.Release|Any CPU.Build.0 = Release|Any CPU
	EndGlobalSection
	GlobalSection(NestedProjects) = preSolution
		{A22C81B6-0571-4402-9D82-CC31898B5F84} = {DF5BEF4C-D164-42D8-8D27-F197F11116C6}
		{F488223C-702E-44FE-AC63-03FC0B46602D} = {114F5BF5-7E44-4BD3-98F2-9108675F15DF}
		{F5061355-9F00-453E-ACD5-481755D23B8B} = {DF5BEF4C-D164-42D8-8D27-F197F11116C6}
		{8213284A-ACD8-492A-9120-0F1481124C4C} = {DF5BEF4C-D164-42D8-8D27-F197F11116C6}
		{3DBD2005-5F2D-4D32-A8EE-3602F96DF7CA} = {DF5BEF4C-D164-42D8-8D27-F197F11116C6}
		{3E46D3CC-DA1A-4A33-AB35-448C5FFE1247} = {DF5BEF4C-D164-42D8-8D27-F197F11116C6}
	EndGlobalSection
EndGlobal
